
Microsoft Visual Studio Solution File, Format Version 11.00
# Visual Studio 2010
Project("{FAE04EC0-301F-11D3-BF4B-00C04F79EFBC}") = "FindThatType", "FindThatType\FindThatType.csproj", "{AB683103-0865-44B9-8588-7660E2A45A48}"
EndProject
Global
	GlobalSection(SolutionConfigurationPlatforms) = preSolution
		Debug|x86 = Debug|x86
		Release|x86 = Release|x86
	EndGlobalSection
	GlobalSection(ProjectConfigurationPlatforms) = postSolution
		{AB683103-0865-44B9-8588-7660E2A45A48}.Debug|x86.ActiveCfg = Debug|x86
		{AB683103-0865-44B9-8588-7660E2A45A48}.Debug|x86.Build.0 = Debug|x86
		{AB683103-0865-44B9-8588-7660E2A45A48}.Release|x86.ActiveCfg = Release|x86
		{AB683103-0865-44B9-8588-7660E2A45A48}.Release|x86.Build.0 = Release|x86
	EndGlobalSection
	GlobalSection(SolutionProperties) = preSolution
		HideSolutionNode = FALSE
	EndGlobalSection
EndGlobal
